
Microsoft Visual Studio Solution File, Format Version 12.00
# Visual Studio Version 16
VisualStudioVersion = 16.0.30413.136
MinimumVisualStudioVersion = 10.0.40219.1
Project("{9A19103F-16F7-4668-BE54-9A1E7A4F7556}") = "NakedBank.WebApi", "NakedBank.WebApi\NakedBank.WebApi.csproj", "{805919EC-A4CE-47C3-96AA-5991299A55BF}"
EndProject
Project("{9A19103F-16F7-4668-BE54-9A1E7A4F7556}") = "NakedBank.Domain", "NakedBank.Domain\NakedBank.Domain.csproj", "{DE371F45-F026-4121-9CB4-98D176E375EA}"
EndProject
Project("{9A19103F-16F7-4668-BE54-9A1E7A4F7556}") = "NakedBank.Application", "NakedBank.Application\NakedBank.Application.csproj", "{5E7212A2-AC29-4A1D-A934-18695D6B7941}"
EndProject
Project("{9A19103F-16F7-4668-BE54-9A1E7A4F7556}") = "NakedBank.Shared", "NakedBank.Shared\NakedBank.Shared.csproj", "{92B408DB-9BDC-4822-BE3D-D905CE53D5A1}"
EndProject
Project("{9A19103F-16F7-4668-BE54-9A1E7A4F7556}") = "NakedBank.Infrastructure", "NakedBank.Infrastructure\NakedBank.Infrastructure.csproj", "{1F790913-F244-4EB8-8669-9BA43CB680D8}"
EndProject
Project("{E53339B2-1760-4266-BCC7-CA923CBCF16C}") = "docker-compose", "docker-compose.dcproj", "{3B1799A2-D9DD-4B90-B32B-730D079324BF}"
EndProject
Project("{2150E333-8FDC-42A3-9474-1A3956D46DE8}") = "Tests", "Tests", "{FB7C9697-09E3-412B-9249-20365D98B3F6}"
EndProject
Project("{FAE04EC0-301F-11D3-BF4B-00C04F79EFBC}") = "NakedBank.Application.Tests", "NakedBank.Application.Tests\NakedBank.Application.Tests.csproj", "{B8B45805-ED9B-4A5D-B711-4866BAFC35AD}"
EndProject
Project("{FAE04EC0-301F-11D3-BF4B-00C04F79EFBC}") = "NakedBank.Domain.Tests", "NakedBank.Domain.Tests\NakedBank.Domain.Tests.csproj", "{BD5E20DD-074D-4FDE-A826-56FFA0A392E2}"
EndProject
Project("{FAE04EC0-301F-11D3-BF4B-00C04F79EFBC}") = "NakedBank.Front", "NakedBank.Front\NakedBank.Front.csproj", "{839EE5C1-9C8B-491A-9B94-39BC38FBE4C9}"
EndProject
Global
	GlobalSection(SolutionConfigurationPlatforms) = preSolution
		Debug|Any CPU = Debug|Any CPU
		Release|Any CPU = Release|Any CPU
	EndGlobalSection
	GlobalSection(ProjectConfigurationPlatforms) = postSolution
		{805919EC-A4CE-47C3-96AA-5991299A55BF}.Debug|Any CPU.ActiveCfg = Debug|Any CPU
		{805919EC-A4CE-47C3-96AA-5991299A55BF}.Debug|Any CPU.Build.0 = Debug|Any CPU
		{805919EC-A4CE-47C3-96AA-5991299A55BF}.Release|Any CPU.ActiveCfg = Release|Any CPU
		{805919EC-A4CE-47C3-96AA-5991299A55BF}.Release|Any CPU.Build.0 = Release|Any CPU
		{DE371F45-F026-4121-9CB4-98D176E375EA}.Debug|Any CPU.ActiveCfg = Debug|Any CPU
		{DE371F45-F026-4121-9CB4-98D176E375EA}.Debug|Any CPU.Build.0 = Debug|Any CPU
		{DE371F45-F026-4121-9CB4-98D176E375EA}.Release|Any CPU.ActiveCfg = Release|Any CPU
		{DE371F45-F026-4121-9CB4-98D176E375EA}.Release|Any CPU.Build.0 = Release|Any CPU
		{5E7212A2-AC29-4A1D-A934-18695D6B7941}.Debug|Any CPU.ActiveCfg = Debug|Any CPU
		{5E7212A2-AC29-4A1D-A934-18695D6B7941}.Debug|Any CPU.Build.0 = Debug|Any CPU
		{5E7212A2-AC29-4A1D-A934-18695D6B7941}.Release|Any CPU.ActiveCfg = Release|Any CPU
		{5E7212A2-AC29-4A1D-A934-18695D6B7941}.Release|Any CPU.Build.0 = Release|Any CPU
		{92B408DB-9BDC-4822-BE3D-D905CE53D5A1}.Debug|Any CPU.ActiveCfg = Debug|Any CPU
		{92B408DB-9BDC-4822-BE3D-D905CE53D5A1}.Debug|Any CPU.Build.0 = Debug|Any CPU
		{92B408DB-9BDC-4822-BE3D-D905CE53D5A1}.Release|Any CPU.ActiveCfg = Release|Any CPU
		{92B408DB-9BDC-4822-BE3D-D905CE53D5A1}.Release|Any CPU.Build.0 = Release|Any CPU
		{1F790913-F244-4EB8-8669-9BA43CB680D8}.Debug|Any CPU.ActiveCfg = Debug|Any CPU
		{1F790913-F244-4EB8-8669-9BA43CB680D8}.Debug|Any CPU.Build.0 = Debug|Any CPU
		{1F790913-F244-4EB8-8669-9BA43CB680D8}.Release|Any CPU.ActiveCfg = Release|Any CPU
		{1F790913-F244-4EB8-8669-9BA43CB680D8}.Release|Any CPU.Build.0 = Release|Any CPU
		{3B1799A2-D9DD-4B90-B32B-730D079324BF}.Debug|Any CPU.ActiveCfg = Debug|Any CPU
		{3B1799A2-D9DD-4B90-B32B-730D079324BF}.Debug|Any CPU.Build.0 = Debug|Any CPU
		{3B1799A2-D9DD-4B90-B32B-730D079324BF}.Release|Any CPU.ActiveCfg = Release|Any CPU
		{3B1799A2-D9DD-4B90-B32B-730D079324BF}.Release|Any CPU.Build.0 = Release|Any CPU
		{B8B45805-ED9B-4A5D-B711-4866BAFC35AD}.Debug|Any CPU.ActiveCfg = Debug|Any CPU
		{B8B45805-ED9B-4A5D-B711-4866BAFC35AD}.Debug|Any CPU.Build.0 = Debug|Any CPU
		{B8B45805-ED9B-4A5D-B711-4866BAFC35AD}.Release|Any CPU.ActiveCfg = Release|Any CPU
		{B8B45805-ED9B-4A5D-B711-4866BAFC35AD}.Release|Any CPU.Build.0 = Release|Any CPU
		{BD5E20DD-074D-4FDE-A826-56FFA0A392E2}.Debug|Any CPU.ActiveCfg = Debug|Any CPU
		{BD5E20DD-074D-4FDE-A826-56FFA0A392E2}.Debug|Any CPU.Build.0 = Debug|Any CPU
		{BD5E20DD-074D-4FDE-A826-56FFA0A392E2}.Release|Any CPU.ActiveCfg = Release|Any CPU
		{BD5E20DD-074D-4FDE-A826-56FFA0A392E2}.Release|Any CPU.Build.0 = Release|Any CPU
		{839EE5C1-9C8B-491A-9B94-39BC38FBE4C9}.Debug|Any CPU.ActiveCfg = Debug|Any CPU
		{839EE5C1-9C8B-491A-9B94-39BC38FBE4C9}.Debug|Any CPU.Build.0 = Debug|Any CPU
		{839EE5C1-9C8B-491A-9B94-39BC38FBE4C9}.Release|Any CPU.ActiveCfg = Release|Any CPU
		{839EE5C1-9C8B-491A-9B94-39BC38FBE4C9}.Release|Any CPU.Build.0 = Release|Any CPU
	EndGlobalSection
	GlobalSection(SolutionProperties) = preSolution
		HideSolutionNode = FALSE
	EndGlobalSection
	GlobalSection(NestedProjects) = preSolution
		{B8B45805-ED9B-4A5D-B711-4866BAFC35AD} = {FB7C9697-09E3-412B-9249-20365D98B3F6}
		{BD5E20DD-074D-4FDE-A826-56FFA0A392E2} = {FB7C9697-09E3-412B-9249-20365D98B3F6}
	EndGlobalSection
	GlobalSection(ExtensibilityGlobals) = postSolution
		SolutionGuid = {94D1F4E1-D5FC-419B-B4CF-7A2F70864203}
	EndGlobalSection
EndGlobal
